
Microsoft Visual Studio Solution File, Format Version 12.00
# Visual Studio 15
VisualStudioVersion = 15.0.28307.1062
MinimumVisualStudioVersion = 10.0.40219.1
Project("{FAE04EC0-301F-11D3-BF4B-00C04F79EFBC}") = "Ejercicio Herencia - 4", "Ejercicio Herencia - 4\Ejercicio Herencia - 4.csproj", "{35F3EB10-92A3-49A4-A475-56B24D4F229C}"
EndProject
Project("{FAE04EC0-301F-11D3-BF4B-00C04F79EFBC}") = "logica", "logica\logica.csproj", "{A16489D9-1C54-43A2-B8A3-5AC9940DB010}"
EndProject
Global
	GlobalSection(SolutionConfigurationPlatforms) = preSolution
		Debug|Any CPU = Debug|Any CPU
		Release|Any CPU = Release|Any CPU
	EndGlobalSection
	GlobalSection(ProjectConfigurationPlatforms) = postSolution
		{35F3EB10-92A3-49A4-A475-56B24D4F229C}.Debug|Any CPU.ActiveCfg = Debug|Any CPU
		{35F3EB10-92A3-49A4-A475-56B24D4F229C}.Debug|Any CPU.Build.0 = Debug|Any CPU
		{35F3EB10-92A3-49A4-A475-56B24D4F229C}.Release|Any CPU.ActiveCfg = Release|Any CPU
		{35F3EB10-92A3-49A4-A475-56B24D4F229C}.Release|Any CPU.Build.0 = Release|Any CPU
		{A16489D9-1C54-43A2-B8A3-5AC9940DB010}.Debug|Any CPU.ActiveCfg = Debug|Any CPU
		{A16489D9-1C54-43A2-B8A3-5AC9940DB010}.Debug|Any CPU.Build.0 = Debug|Any CPU
		{A16489D9-1C54-43A2-B8A3-5AC9940DB010}.Release|Any CPU.ActiveCfg = Release|Any CPU
		{A16489D9-1C54-43A2-B8A3-5AC9940DB010}.Release|Any CPU.Build.0 = Release|Any CPU
	EndGlobalSection
	GlobalSection(SolutionProperties) = preSolution
		HideSolutionNode = FALSE
	EndGlobalSection
	GlobalSection(ExtensibilityGlobals) = postSolution
		SolutionGuid = {5ED98F64-867A-4CBC-BD57-4600105DD6D0}
	EndGlobalSection
EndGlobal
